
Microsoft Visual Studio Solution File, Format Version 12.00
# Visual Studio Version 17
VisualStudioVersion = 17.0.31903.59
MinimumVisualStudioVersion = 10.0.40219.1
Project("{FAE04EC0-301F-11D3-BF4B-00C04F79EFBC}") = "PipelineMessenger", "PipelineMessenger\PipelineMessenger.csproj", "{7E01218D-CF05-4585-9244-37D85A79631E}"
EndProject
Project("{FAE04EC0-301F-11D3-BF4B-00C04F79EFBC}") = "PipelineMessenger.Tests", "PipelineMessenger.Tests\PipelineMessenger.Tests.csproj", "{4C0C5426-1F40-43B4-B73E-C22841BF1320}"
EndProject
Global
	GlobalSection(SolutionConfigurationPlatforms) = preSolution
		Debug|Any CPU = Debug|Any CPU
		Release|Any CPU = Release|Any CPU
	EndGlobalSection
	GlobalSection(SolutionProperties) = preSolution
		HideSolutionNode = FALSE
	EndGlobalSection
	GlobalSection(ProjectConfigurationPlatforms) = postSolution
		{7E01218D-CF05-4585-9244-37D85A79631E}.Debug|Any CPU.ActiveCfg = Debug|Any CPU
		{7E01218D-CF05-4585-9244-37D85A79631E}.Debug|Any CPU.Build.0 = Debug|Any CPU
		{7E01218D-CF05-4585-9244-37D85A79631E}.Release|Any CPU.ActiveCfg = Release|Any CPU
		{7E01218D-CF05-4585-9244-37D85A79631E}.Release|Any CPU.Build.0 = Release|Any CPU
		{4C0C5426-1F40-43B4-B73E-C22841BF1320}.Debug|Any CPU.ActiveCfg = Debug|Any CPU
		{4C0C5426-1F40-43B4-B73E-C22841BF1320}.Debug|Any CPU.Build.0 = Debug|Any CPU
		{4C0C5426-1F40-43B4-B73E-C22841BF1320}.Release|Any CPU.ActiveCfg = Release|Any CPU
		{4C0C5426-1F40-43B4-B73E-C22841BF1320}.Release|Any CPU.Build.0 = Release|Any CPU
	EndGlobalSection
EndGlobal
